
Microsoft Visual Studio Solution File, Format Version 12.00
# Visual Studio Version 17
VisualStudioVersion = 17.1.32421.90
MinimumVisualStudioVersion = 10.0.40219.1
Project("{FAE04EC0-301F-11D3-BF4B-00C04F79EFBC}") = "Portfolio Ciclo 3", "Portfolio Ciclo 3\Portfolio Ciclo 3.csproj", "{E3E7EE2D-028C-46A9-9E4B-81C83F679986}"
EndProject
Global
	GlobalSection(SolutionConfigurationPlatforms) = preSolution
		Debug|Any CPU = Debug|Any CPU
		Release|Any CPU = Release|Any CPU
	EndGlobalSection
	GlobalSection(ProjectConfigurationPlatforms) = postSolution
		{E3E7EE2D-028C-46A9-9E4B-81C83F679986}.Debug|Any CPU.ActiveCfg = Debug|Any CPU
		{E3E7EE2D-028C-46A9-9E4B-81C83F679986}.Debug|Any CPU.Build.0 = Debug|Any CPU
		{E3E7EE2D-028C-46A9-9E4B-81C83F679986}.Release|Any CPU.ActiveCfg = Release|Any CPU
		{E3E7EE2D-028C-46A9-9E4B-81C83F679986}.Release|Any CPU.Build.0 = Release|Any CPU
	EndGlobalSection
	GlobalSection(SolutionProperties) = preSolution
		HideSolutionNode = FALSE
	EndGlobalSection
	GlobalSection(ExtensibilityGlobals) = postSolution
		SolutionGuid = {E7BBF462-BFB5-46CB-A07F-87B9D6333B04}
	EndGlobalSection
EndGlobal
